
Microsoft Visual Studio Solution File, Format Version 12.00
# Visual Studio Version 17
VisualStudioVersion = 17.8.34316.72
MinimumVisualStudioVersion = 10.0.40219.1
Project("{FAE04EC0-301F-11D3-BF4B-00C04F79EFBC}") = "GestionChambre", "GestionChambre\GestionChambre.csproj", "{D129318B-E38B-40F1-8090-D701DBA7F670}"
EndProject
Global
	GlobalSection(SolutionConfigurationPlatforms) = preSolution
		Debug|Any CPU = Debug|Any CPU
		Release|Any CPU = Release|Any CPU
	EndGlobalSection
	GlobalSection(ProjectConfigurationPlatforms) = postSolution
		{D129318B-E38B-40F1-8090-D701DBA7F670}.Debug|Any CPU.ActiveCfg = Debug|Any CPU
		{D129318B-E38B-40F1-8090-D701DBA7F670}.Debug|Any CPU.Build.0 = Debug|Any CPU
		{D129318B-E38B-40F1-8090-D701DBA7F670}.Release|Any CPU.ActiveCfg = Release|Any CPU
		{D129318B-E38B-40F1-8090-D701DBA7F670}.Release|Any CPU.Build.0 = Release|Any CPU
	EndGlobalSection
	GlobalSection(SolutionProperties) = preSolution
		HideSolutionNode = FALSE
	EndGlobalSection
	GlobalSection(ExtensibilityGlobals) = postSolution
		SolutionGuid = {104C2E8F-AEB8-4A20-AC05-E576629D079B}
	EndGlobalSection
EndGlobal
